
Microsoft Visual Studio Solution File, Format Version 12.00
# Visual Studio Version 17
VisualStudioVersion = 17.7.34202.233
MinimumVisualStudioVersion = 10.0.40219.1
Project("{FAE04EC0-301F-11D3-BF4B-00C04F79EFBC}") = "TriangleForTesting", "TriangleForTesting\TriangleForTesting.csproj", "{CE9E4A48-FB5C-4571-9996-59AF5E9244F5}"
EndProject
Global
	GlobalSection(SolutionConfigurationPlatforms) = preSolution
		Debug|Any CPU = Debug|Any CPU
		Release|Any CPU = Release|Any CPU
	EndGlobalSection
	GlobalSection(ProjectConfigurationPlatforms) = postSolution
		{CE9E4A48-FB5C-4571-9996-59AF5E9244F5}.Debug|Any CPU.ActiveCfg = Debug|Any CPU
		{CE9E4A48-FB5C-4571-9996-59AF5E9244F5}.Debug|Any CPU.Build.0 = Debug|Any CPU
		{CE9E4A48-FB5C-4571-9996-59AF5E9244F5}.Release|Any CPU.ActiveCfg = Release|Any CPU
		{CE9E4A48-FB5C-4571-9996-59AF5E9244F5}.Release|Any CPU.Build.0 = Release|Any CPU
	EndGlobalSection
	GlobalSection(SolutionProperties) = preSolution
		HideSolutionNode = FALSE
	EndGlobalSection
	GlobalSection(ExtensibilityGlobals) = postSolution
		SolutionGuid = {C4E05C05-4E42-4B5A-AD5E-5763F303932D}
	EndGlobalSection
EndGlobal
